{
  "name": "linter-cokescript",
  "version": "1.0.1",
  "lockfileVersion": 1,
  "requires": true,
  "dependencies": {
    "balanced-match": {
      "version": "1.0.0",
      "resolved": "https://ric.jfrog.io/ric/api/npm/npm/balanced-match/-/balanced-match-1.0.0.tgz",
      "integrity": "sha1-ibTRmasr7kneFk6gK4nORi1xt2c=",
      "dev": true
    },
    "brace-expansion": {
      "version": "1.1.11",
      "resolved": "https://ric.jfrog.io/ric/api/npm/npm/brace-expansion/-/brace-expansion-1.1.11.tgz",
      "integrity": "sha1-PH/L9SnYcibz0vUrlm/1Jx60Qd0=",
      "dev": true,
      "requires": {
        "balanced-match": "1.0.0",
        "concat-map": "0.0.1"
      }
    },
    "browser-split": {
      "version": "0.0.1",
      "resolved": "https://ric.jfrog.io/ric/api/npm/npm/browser-split/-/browser-split-0.0.1.tgz",
      "integrity": "sha1-ewl1dPjj6tYG+0Zk5krf3aKYGpM=",
      "dev": true
    },
    "camelize": {
      "version": "1.0.0",
      "resolved": "https://ric.jfrog.io/ric/api/npm/npm/camelize/-/camelize-1.0.0.tgz",
      "integrity": "sha1-FkpUg+Yw+kMh5a8HAg5TGDGyYJs=",
      "dev": true
    },
    "cokescript": {
      "version": "0.0.7",
      "resolved": "https://ric.jfrog.io/ric/api/npm/npm/cokescript/-/cokescript-0.0.7.tgz",
      "integrity": "sha1-kOu8ob7GNgsM9zZA/XOxdqMegb8=",
      "dev": true,
      "requires": {
        "colors": "1.1.2",
        "minimist": "1.1.3"
      }
    },
    "colors": {
      "version": "1.1.2",
      "resolved": "https://ric.jfrog.io/ric/api/npm/npm/colors/-/colors-1.1.2.tgz",
      "integrity": "sha1-FopHAXVran9RoSzgyXv6KMCE7WM=",
      "dev": true
    },
    "concat-map": {
      "version": "0.0.1",
      "resolved": "https://ric.jfrog.io/ric/api/npm/npm/concat-map/-/concat-map-0.0.1.tgz",
      "integrity": "sha1-2Klr13/Wjfd5OnMDajug1UBdR3s=",
      "dev": true
    },
    "dom-walk": {
      "version": "0.1.1",
      "resolved": "https://ric.jfrog.io/ric/api/npm/npm/dom-walk/-/dom-walk-0.1.1.tgz",
      "integrity": "sha1-ZyIm3HTI95mtNTB9+TaroRrNYBg=",
      "dev": true
    },
    "epegjs": {
      "version": "0.0.55",
      "resolved": "https://ric.jfrog.io/ric/api/npm/npm/epegjs/-/epegjs-0.0.55.tgz",
      "integrity": "sha1-GCsLgEsuy+fjprV5eXdJ8wmj30w=",
      "dev": true
    },
    "error": {
      "version": "4.4.0",
      "resolved": "https://ric.jfrog.io/ric/api/npm/npm/error/-/error-4.4.0.tgz",
      "integrity": "sha1-v2n/JR+0onnBmtzNqmth6Q2b8So=",
      "dev": true,
      "requires": {
        "camelize": "1.0.0",
        "string-template": "0.2.1",
        "xtend": "4.0.1"
      }
    },
    "ev-store": {
      "version": "7.0.0",
      "resolved": "https://ric.jfrog.io/ric/api/npm/npm/ev-store/-/ev-store-7.0.0.tgz",
      "integrity": "sha1-GrDH+CE2UF3XSzHRdwHLK+bSZVg=",
      "dev": true,
      "requires": {
        "individual": "3.0.0"
      }
    },
    "fs.realpath": {
      "version": "1.0.0",
      "resolved": "https://ric.jfrog.io/ric/api/npm/npm/fs.realpath/-/fs.realpath-1.0.0.tgz",
      "integrity": "sha1-FQStJSMVjKpA20onh8sBQRmU6k8=",
      "dev": true
    },
    "glob": {
      "version": "7.1.2",
      "resolved": "https://ric.jfrog.io/ric/api/npm/npm/glob/-/glob-7.1.2.tgz",
      "integrity": "sha1-wZyd+aAocC1nhhI4SmVSQExjbRU=",
      "dev": true,
      "requires": {
        "fs.realpath": "1.0.0",
        "inflight": "1.0.6",
        "inherits": "2.0.3",
        "minimatch": "3.0.4",
        "once": "1.4.0",
        "path-is-absolute": "1.0.1"
      }
    },
    "global": {
      "version": "4.3.2",
      "resolved": "https://ric.jfrog.io/ric/api/npm/npm/global/-/global-4.3.2.tgz",
      "integrity": "sha1-52mJJopsdMOJCLEwWxD8DjlOnQ8=",
      "dev": true,
      "requires": {
        "min-document": "2.19.0",
        "process": "0.5.2"
      }
    },
    "individual": {
      "version": "3.0.0",
      "resolved": "https://ric.jfrog.io/ric/api/npm/npm/individual/-/individual-3.0.0.tgz",
      "integrity": "sha1-58pPhfiVewGHNPKFdQ3CLsL5hi0=",
      "dev": true
    },
    "inflight": {
      "version": "1.0.6",
      "resolved": "https://ric.jfrog.io/ric/api/npm/npm/inflight/-/inflight-1.0.6.tgz",
      "integrity": "sha1-Sb1jMdfQLQwJvJEKEHW6gWW1bfk=",
      "dev": true,
      "requires": {
        "once": "1.4.0",
        "wrappy": "1.0.2"
      }
    },
    "inherits": {
      "version": "2.0.3",
      "resolved": "https://ric.jfrog.io/ric/api/npm/npm/inherits/-/inherits-2.0.3.tgz",
      "integrity": "sha1-Yzwsg+PaQqUC9SRmAiSA9CCCYd4=",
      "dev": true
    },
    "is-object": {
      "version": "1.0.1",
      "resolved": "https://ric.jfrog.io/ric/api/npm/npm/is-object/-/is-object-1.0.1.tgz",
      "integrity": "sha1-iVJojF7C/9awPsyF52ngKQMINHA=",
      "dev": true
    },
    "min-document": {
      "version": "2.19.0",
      "resolved": "https://ric.jfrog.io/ric/api/npm/npm/min-document/-/min-document-2.19.0.tgz",
      "integrity": "sha1-e9KC4/WELtKVu3SM3Z8f+iyCRoU=",
      "dev": true,
      "requires": {
        "dom-walk": "0.1.1"
      }
    },
    "minimatch": {
      "version": "3.0.4",
      "resolved": "https://ric.jfrog.io/ric/api/npm/npm/minimatch/-/minimatch-3.0.4.tgz",
      "integrity": "sha1-UWbihkV/AzBgZL5Ul+jbsMPTIIM=",
      "dev": true,
      "requires": {
        "brace-expansion": "1.1.11"
      }
    },
    "minimist": {
      "version": "1.1.3",
      "resolved": "https://ric.jfrog.io/ric/api/npm/npm/minimist/-/minimist-1.1.3.tgz",
      "integrity": "sha1-O+39kaktOQFvz6ocaB6Pqhoe/ag=",
      "dev": true
    },
    "next-tick": {
      "version": "0.2.2",
      "resolved": "https://ric.jfrog.io/ric/api/npm/npm/next-tick/-/next-tick-0.2.2.tgz",
      "integrity": "sha1-ddpKkn7liH45BliABltzNkE7MQ0=",
      "dev": true
    },
    "once": {
      "version": "1.4.0",
      "resolved": "https://ric.jfrog.io/ric/api/npm/npm/once/-/once-1.4.0.tgz",
      "integrity": "sha1-WDsap3WWHUsROsF9nFC6753Xa9E=",
      "dev": true,
      "requires": {
        "wrappy": "1.0.2"
      }
    },
    "path-is-absolute": {
      "version": "1.0.1",
      "resolved": "https://ric.jfrog.io/ric/api/npm/npm/path-is-absolute/-/path-is-absolute-1.0.1.tgz",
      "integrity": "sha1-F0uSaHNVNP+8es5r9TpanhtcX18=",
      "dev": true
    },
    "process": {
      "version": "0.5.2",
      "resolved": "https://ric.jfrog.io/ric/api/npm/npm/process/-/process-0.5.2.tgz",
      "integrity": "sha1-FjjYqONML0QKkduVq5rrZ3/Bhc8=",
      "dev": true
    },
    "string-template": {
      "version": "0.2.1",
      "resolved": "https://ric.jfrog.io/ric/api/npm/npm/string-template/-/string-template-0.2.1.tgz",
      "integrity": "sha1-QpMuWYo1LQH8IuwzZ9nYTuxsmt0=",
      "dev": true
    },
    "virtual-dom": {
      "version": "2.1.1",
      "resolved": "https://ric.jfrog.io/ric/api/npm/npm/virtual-dom/-/virtual-dom-2.1.1.tgz",
      "integrity": "sha1-gO2i1IG57eDASRGM78tKBfIdE3U=",
      "dev": true,
      "requires": {
        "browser-split": "0.0.1",
        "error": "4.4.0",
        "ev-store": "7.0.0",
        "global": "4.3.2",
        "is-object": "1.0.1",
        "next-tick": "0.2.2",
        "x-is-array": "0.1.0",
        "x-is-string": "0.1.0"
      }
    },
    "wrappy": {
      "version": "1.0.2",
      "resolved": "https://ric.jfrog.io/ric/api/npm/npm/wrappy/-/wrappy-1.0.2.tgz",
      "integrity": "sha1-tSQ9jz7BqjXxNkYFvA0QNuMKtp8=",
      "dev": true
    },
    "x-is-array": {
      "version": "0.1.0",
      "resolved": "https://ric.jfrog.io/ric/api/npm/npm/x-is-array/-/x-is-array-0.1.0.tgz",
      "integrity": "sha1-3lIBcdR7P0FvVYfWKbidJrEtwp0=",
      "dev": true
    },
    "x-is-string": {
      "version": "0.1.0",
      "resolved": "https://ric.jfrog.io/ric/api/npm/npm/x-is-string/-/x-is-string-0.1.0.tgz",
      "integrity": "sha1-R0tQhlrzpJqcRlfwWs0UVFj3fYI=",
      "dev": true
    },
    "xtend": {
      "version": "4.0.1",
      "resolved": "https://ric.jfrog.io/ric/api/npm/npm/xtend/-/xtend-4.0.1.tgz",
      "integrity": "sha1-pcbVMr5lbiPbgg77lDofBJmNY68=",
      "dev": true
    }
  }
}
